
Microsoft Visual Studio Solution File, Format Version 12.00
# Visual Studio Version 17
VisualStudioVersion = 17.9.34607.119
MinimumVisualStudioVersion = 10.0.40219.1
Project("{9A19103F-16F7-4668-BE54-9A1E7A4F7556}") = "ConsoleApp1", "ConsoleApp1\ConsoleApp1.csproj", "{B459B90A-86CE-4342-AD31-5642A46C30D4}"
EndProject
Project("{9A19103F-16F7-4668-BE54-9A1E7A4F7556}") = "laboratorio2", "laboratorio2\laboratorio2.csproj", "{B76DA44B-201E-46D6-94E3-77FE5391B1EF}"
EndProject
Project("{FAE04EC0-301F-11D3-BF4B-00C04F79EFBC}") = "labpratorio3", "labpratorio3\labpratorio3.csproj", "{02ABF3D3-83EE-4E80-8216-86BDED9AAF8C}"
EndProject
Global
	GlobalSection(SolutionConfigurationPlatforms) = preSolution
		Debug|Any CPU = Debug|Any CPU
		Release|Any CPU = Release|Any CPU
	EndGlobalSection
	GlobalSection(ProjectConfigurationPlatforms) = postSolution
		{B459B90A-86CE-4342-AD31-5642A46C30D4}.Debug|Any CPU.ActiveCfg = Debug|Any CPU
		{B459B90A-86CE-4342-AD31-5642A46C30D4}.Debug|Any CPU.Build.0 = Debug|Any CPU
		{B459B90A-86CE-4342-AD31-5642A46C30D4}.Release|Any CPU.ActiveCfg = Release|Any CPU
		{B459B90A-86CE-4342-AD31-5642A46C30D4}.Release|Any CPU.Build.0 = Release|Any CPU
		{B76DA44B-201E-46D6-94E3-77FE5391B1EF}.Debug|Any CPU.ActiveCfg = Debug|Any CPU
		{B76DA44B-201E-46D6-94E3-77FE5391B1EF}.Debug|Any CPU.Build.0 = Debug|Any CPU
		{B76DA44B-201E-46D6-94E3-77FE5391B1EF}.Release|Any CPU.ActiveCfg = Release|Any CPU
		{B76DA44B-201E-46D6-94E3-77FE5391B1EF}.Release|Any CPU.Build.0 = Release|Any CPU
		{02ABF3D3-83EE-4E80-8216-86BDED9AAF8C}.Debug|Any CPU.ActiveCfg = Debug|Any CPU
		{02ABF3D3-83EE-4E80-8216-86BDED9AAF8C}.Debug|Any CPU.Build.0 = Debug|Any CPU
		{02ABF3D3-83EE-4E80-8216-86BDED9AAF8C}.Release|Any CPU.ActiveCfg = Release|Any CPU
		{02ABF3D3-83EE-4E80-8216-86BDED9AAF8C}.Release|Any CPU.Build.0 = Release|Any CPU
	EndGlobalSection
	GlobalSection(SolutionProperties) = preSolution
		HideSolutionNode = FALSE
	EndGlobalSection
	GlobalSection(ExtensibilityGlobals) = postSolution
		SolutionGuid = {E29C1B1E-57F6-49E8-B1CC-4665257416F9}
	EndGlobalSection
EndGlobal
